// !$*UTF8*$!
{
	archiveVersion = 1;
	classes = {
	};
	objectVersion = 51;
	objects = {

/* Begin PBXBuildFile section */
		42C5A26523C7A9160094374D /* AppDelegate.swift in Sources */ = {isa = PBXBuildFile; fileRef = 42C5A26423C7A9160094374D /* AppDelegate.swift */; };
		42C5A26723C7A9160094374D /* SceneDelegate.swift in Sources */ = {isa = PBXBuildFile; fileRef = 42C5A26623C7A9160094374D /* SceneDelegate.swift */; };
		42C5A26923C7A9160094374D /* ViewController.swift in Sources */ = {isa = PBXBuildFile; fileRef = 42C5A26823C7A9160094374D /* ViewController.swift */; };
		42C5A26C23C7A9160094374D /* Main.storyboard in Resources */ = {isa = PBXBuildFile; fileRef = 42C5A26A23C7A9160094374D /* Main.storyboard */; };
		42C5A26E23C7A9170094374D /* Assets.xcassets in Resources */ = {isa = PBXBuildFile; fileRef = 42C5A26D23C7A9170094374D /* Assets.xcassets */; };
		42C5A27123C7A9170094374D /* LaunchScreen.storyboard in Resources */ = {isa = PBXBuildFile; fileRef = 42C5A26F23C7A9170094374D /* LaunchScreen.storyboard */; };
		42C5A27D23C7B0250094374D /* Serects.swift in Sources */ = {isa = PBXBuildFile; fileRef = 42C5A27C23C7B0250094374D /* Serects.swift */; };
		42C5A28123C7B8C90094374D /* CustomMovieTableViewCell.swift in Sources */ = {isa = PBXBuildFile; fileRef = 42C5A27F23C7B8C90094374D /* CustomMovieTableViewCell.swift */; };
		42C5A28223C7B8C90094374D /* CustomMovieTableViewCell.xib in Resources */ = {isa = PBXBuildFile; fileRef = 42C5A28023C7B8C90094374D /* CustomMovieTableViewCell.xib */; };
		42CE308423C9035500FBFCB5 /* InfoViewController.swift in Sources */ = {isa = PBXBuildFile; fileRef = 42CE308323C9035500FBFCB5 /* InfoViewController.swift */; };
		42CE308723C9142000FBFCB5 /* PopularMovies.storyboard in Resources */ = {isa = PBXBuildFile; fileRef = 42CE308623C9142000FBFCB5 /* PopularMovies.storyboard */; };
		42CE308B23C91A1B00FBFCB5 /* SearchForMovies.storyboard in Resources */ = {isa = PBXBuildFile; fileRef = 42CE308A23C91A1B00FBFCB5 /* SearchForMovies.storyboard */; };
		42CE308D23C91A2E00FBFCB5 /* SearchForMovieViewController.swift in Sources */ = {isa = PBXBuildFile; fileRef = 42CE308C23C91A2E00FBFCB5 /* SearchForMovieViewController.swift */; };
		C830D996818B43D73E2A4B06 /* Pods_MovieSearch.framework in Frameworks */ = {isa = PBXBuildFile; fileRef = 240C456753BC3EB9DA8C9F07 /* Pods_MovieSearch.framework */; };
/* End PBXBuildFile section */

/* Begin PBXFileReference section */
		240C456753BC3EB9DA8C9F07 /* Pods_MovieSearch.framework */ = {isa = PBXFileReference; explicitFileType = wrapper.framework; includeInIndex = 0; path = Pods_MovieSearch.framework; sourceTree = BUILT_PRODUCTS_DIR; };
		42C5A26123C7A9160094374D /* MovieSearch.app */ = {isa = PBXFileReference; explicitFileType = wrapper.application; includeInIndex = 0; path = MovieSearch.app; sourceTree = BUILT_PRODUCTS_DIR; };
		42C5A26423C7A9160094374D /* AppDelegate.swift */ = {isa = PBXFileReference; lastKnownFileType = sourcecode.swift; path = AppDelegate.swift; sourceTree = "<group>"; };
		42C5A26623C7A9160094374D /* SceneDelegate.swift */ = {isa = PBXFileReference; lastKnownFileType = sourcecode.swift; path = SceneDelegate.swift; sourceTree = "<group>"; };
		42C5A26823C7A9160094374D /* ViewController.swift */ = {isa = PBXFileReference; lastKnownFileType = sourcecode.swift; path = ViewController.swift; sourceTree = "<group>"; };
		42C5A26B23C7A9160094374D /* Base */ = {isa = PBXFileReference; lastKnownFileType = file.storyboard; name = Base; path = Base.lproj/Main.storyboard; sourceTree = "<group>"; };
		42C5A26D23C7A9170094374D /* Assets.xcassets */ = {isa = PBXFileReference; lastKnownFileType = folder.assetcatalog; path = Assets.xcassets; sourceTree = "<group>"; };
		42C5A27023C7A9170094374D /* Base */ = {isa = PBXFileReference; lastKnownFileType = file.storyboard; name = Base; path = Base.lproj/LaunchScreen.storyboard; sourceTree = "<group>"; };
		42C5A27223C7A9170094374D /* Info.plist */ = {isa = PBXFileReference; lastKnownFileType = text.plist.xml; path = Info.plist; sourceTree = "<group>"; };
		42C5A27C23C7B0250094374D /* Serects.swift */ = {isa = PBXFileReference; lastKnownFileType = sourcecode.swift; path = Serects.swift; sourceTree = "<group>"; };
		42C5A27F23C7B8C90094374D /* CustomMovieTableViewCell.swift */ = {isa = PBXFileReference; lastKnownFileType = sourcecode.swift; path = CustomMovieTableViewCell.swift; sourceTree = "<group>"; };
		42C5A28023C7B8C90094374D /* CustomMovieTableViewCell.xib */ = {isa = PBXFileReference; lastKnownFileType = file.xib; path = CustomMovieTableViewCell.xib; sourceTree = "<group>"; };
		42CE308323C9035500FBFCB5 /* InfoViewController.swift */ = {isa = PBXFileReference; lastKnownFileType = sourcecode.swift; path = InfoViewController.swift; sourceTree = "<group>"; };
		42CE308623C9142000FBFCB5 /* PopularMovies.storyboard */ = {isa = PBXFileReference; lastKnownFileType = file.storyboard; path = PopularMovies.storyboard; sourceTree = "<group>"; };
		42CE308A23C91A1B00FBFCB5 /* SearchForMovies.storyboard */ = {isa = PBXFileReference; lastKnownFileType = file.storyboard; path = SearchForMovies.storyboard; sourceTree = "<group>"; };
		42CE308C23C91A2E00FBFCB5 /* SearchForMovieViewController.swift */ = {isa = PBXFileReference; lastKnownFileType = sourcecode.swift; path = SearchForMovieViewController.swift; sourceTree = "<group>"; };
		D479556C3A7D96D8BE8F8184 /* Pods-MovieSearch.release.xcconfig */ = {isa = PBXFileReference; includeInIndex = 1; lastKnownFileType = text.xcconfig; name = "Pods-MovieSearch.release.xcconfig"; path = "Target Support Files/Pods-MovieSearch/Pods-MovieSearch.release.xcconfig"; sourceTree = "<group>"; };
		FF43868D67FD50325B21A8A6 /* Pods-MovieSearch.debug.xcconfig */ = {isa = PBXFileReference; includeInIndex = 1; lastKnownFileType = text.xcconfig; name = "Pods-MovieSearch.debug.xcconfig"; path = "Target Support Files/Pods-MovieSearch/Pods-MovieSearch.debug.xcconfig"; sourceTree = "<group>"; };
/* End PBXFileReference section */

/* Begin PBXFrameworksBuildPhase section */
		42C5A25E23C7A9160094374D /* Frameworks */ = {
			isa = PBXFrameworksBuildPhase;
			buildActionMask = 2147483647;
			files = (
				C830D996818B43D73E2A4B06 /* Pods_MovieSearch.framework in Frameworks */,
			);
			runOnlyForDeploymentPostprocessing = 0;
		};
/* End PBXFrameworksBuildPhase section */

/* Begin PBXGroup section */
		2672B91000DA0C237485B39C /* Pods */ = {
			isa = PBXGroup;
			children = (
				FF43868D67FD50325B21A8A6 /* Pods-MovieSearch.debug.xcconfig */,
				D479556C3A7D96D8BE8F8184 /* Pods-MovieSearch.release.xcconfig */,
			);
			path = Pods;
			sourceTree = "<group>";
		};
		42C5A25823C7A9160094374D = {
			isa = PBXGroup;
			children = (
				42C5A26323C7A9160094374D /* MovieSearch */,
				42C5A26223C7A9160094374D /* Products */,
				2672B91000DA0C237485B39C /* Pods */,
				B59BC18ACD1ADA69DC41945B /* Frameworks */,
			);
			sourceTree = "<group>";
		};
		42C5A26223C7A9160094374D /* Products */ = {
			isa = PBXGroup;
			children = (
				42C5A26123C7A9160094374D /* MovieSearch.app */,
			);
			name = Products;
			sourceTree = "<group>";
		};
		42C5A26323C7A9160094374D /* MovieSearch */ = {
			isa = PBXGroup;
			children = (
				42C5A26423C7A9160094374D /* AppDelegate.swift */,
				42C5A26623C7A9160094374D /* SceneDelegate.swift */,
				42CE308923C919FA00FBFCB5 /* Search For Movies */,
				42CE308523C9140A00FBFCB5 /* Popular Movies */,
				42C5A28423C7C1260094374D /* Views */,
				42C5A26D23C7A9170094374D /* Assets.xcassets */,
				42C5A26F23C7A9170094374D /* LaunchScreen.storyboard */,
				42C5A27223C7A9170094374D /* Info.plist */,
				42C5A27C23C7B0250094374D /* Serects.swift */,
			);
			path = MovieSearch;
			sourceTree = "<group>";
		};
		42C5A27E23C7B8AF0094374D /* Custom Table View Cell */ = {
			isa = PBXGroup;
			children = (
				42C5A27F23C7B8C90094374D /* CustomMovieTableViewCell.swift */,
				42C5A28023C7B8C90094374D /* CustomMovieTableViewCell.xib */,
			);
			path = "Custom Table View Cell";
			sourceTree = "<group>";
		};
		42C5A28423C7C1260094374D /* Views */ = {
			isa = PBXGroup;
			children = (
				42C5A26A23C7A9160094374D /* Main.storyboard */,
			);
			path = Views;
			sourceTree = "<group>";
		};
		42CE308523C9140A00FBFCB5 /* Popular Movies */ = {
			isa = PBXGroup;
			children = (
				42C5A27E23C7B8AF0094374D /* Custom Table View Cell */,
				42CE308823C9161600FBFCB5 /* Controllers */,
				42CE308623C9142000FBFCB5 /* PopularMovies.storyboard */,
			);
			path = "Popular Movies";
			sourceTree = "<group>";
		};
		42CE308823C9161600FBFCB5 /* Controllers */ = {
			isa = PBXGroup;
			children = (
				42C5A26823C7A9160094374D /* ViewController.swift */,
				42CE308323C9035500FBFCB5 /* InfoViewController.swift */,
			);
			path = Controllers;
			sourceTree = "<group>";
		};
		42CE308923C919FA00FBFCB5 /* Search For Movies */ = {
			isa = PBXGroup;
			children = (
				42CE308C23C91A2E00FBFCB5 /* SearchForMovieViewController.swift */,
				42CE308A23C91A1B00FBFCB5 /* SearchForMovies.storyboard */,
			);
			path = "Search For Movies";
			sourceTree = "<group>";
		};
		B59BC18ACD1ADA69DC41945B /* Frameworks */ = {
			isa = PBXGroup;
			children = (
				240C456753BC3EB9DA8C9F07 /* Pods_MovieSearch.framework */,
			);
			name = Frameworks;
			sourceTree = "<group>";
		};
/* End PBXGroup section */

/* Begin PBXNativeTarget section */
		42C5A26023C7A9160094374D /* MovieSearch */ = {
			isa = PBXNativeTarget;
			buildConfigurationList = 42C5A27523C7A9170094374D /* Build configuration list for PBXNativeTarget "MovieSearch" */;
			buildPhases = (
				32A3F3742A4910A2255DCFCE /* [CP] Check Pods Manifest.lock */,
				42C5A25D23C7A9160094374D /* Sources */,
				42C5A25E23C7A9160094374D /* Frameworks */,
				42C5A25F23C7A9160094374D /* Resources */,
				2E32E4C0BD1EC91873164A72 /* [CP] Embed Pods Frameworks */,
			);
			buildRules = (
			);
			dependencies = (
			);
			name = MovieSearch;
			productName = MovieSearch;
			productReference = 42C5A26123C7A9160094374D /* MovieSearch.app */;
			productType = "com.apple.product-type.application";
		};
/* End PBXNativeTarget section */

/* Begin PBXProject section */
		42C5A25923C7A9160094374D /* Project object */ = {
			isa = PBXProject;
			attributes = {
				LastSwiftUpdateCheck = 1130;
				LastUpgradeCheck = 1130;
				ORGANIZATIONNAME = "Dionte Silmon";
				TargetAttributes = {
					42C5A26023C7A9160094374D = {
						CreatedOnToolsVersion = 11.3;
					};
				};
			};
			buildConfigurationList = 42C5A25C23C7A9160094374D /* Build configuration list for PBXProject "MovieSearch" */;
			compatibilityVersion = "Xcode 9.3";
			developmentRegion = en;
			hasScannedForEncodings = 0;
			knownRegions = (
				en,
				Base,
			);
			mainGroup = 42C5A25823C7A9160094374D;
			productRefGroup = 42C5A26223C7A9160094374D /* Products */;
			projectDirPath = "";
			projectRoot = "";
			targets = (
				42C5A26023C7A9160094374D /* MovieSearch */,
			);
		};
/* End PBXProject section */

/* Begin PBXResourcesBuildPhase section */
		42C5A25F23C7A9160094374D /* Resources */ = {
			isa = PBXResourcesBuildPhase;
			buildActionMask = 2147483647;
			files = (
				42C5A27123C7A9170094374D /* LaunchScreen.storyboard in Resources */,
				42C5A26E23C7A9170094374D /* Assets.xcassets in Resources */,
				42C5A26C23C7A9160094374D /* Main.storyboard in Resources */,
				42CE308B23C91A1B00FBFCB5 /* SearchForMovies.storyboard in Resources */,
				42CE308723C9142000FBFCB5 /* PopularMovies.storyboard in Resources */,
				42C5A28223C7B8C90094374D /* CustomMovieTableViewCell.xib in Resources */,
			);
			runOnlyForDeploymentPostprocessing = 0;
		};
/* End PBXResourcesBuildPhase section */

/* Begin PBXShellScriptBuildPhase section */
		2E32E4C0BD1EC91873164A72 /* [CP] Embed Pods Frameworks */ = {
			isa = PBXShellScriptBuildPhase;
			buildActionMask = 2147483647;
			files = (
			);
			inputFileListPaths = (
				"${PODS_ROOT}/Target Support Files/Pods-MovieSearch/Pods-MovieSearch-frameworks-${CONFIGURATION}-input-files.xcfilelist",
			);
			name = "[CP] Embed Pods Frameworks";
			outputFileListPaths = (
				"${PODS_ROOT}/Target Support Files/Pods-MovieSearch/Pods-MovieSearch-frameworks-${CONFIGURATION}-output-files.xcfilelist",
			);
			runOnlyForDeploymentPostprocessing = 0;
			shellPath = /bin/sh;
			shellScript = "\"${PODS_ROOT}/Target Support Files/Pods-MovieSearch/Pods-MovieSearch-frameworks.sh\"\n";
			showEnvVarsInLog = 0;
		};
		32A3F3742A4910A2255DCFCE /* [CP] Check Pods Manifest.lock */ = {
			isa = PBXShellScriptBuildPhase;
			buildActionMask = 2147483647;
			files = (
			);
			inputFileListPaths = (
			);
			inputPaths = (
				"${PODS_PODFILE_DIR_PATH}/Podfile.lock",
				"${PODS_ROOT}/Manifest.lock",
			);
			name = "[CP] Check Pods Manifest.lock";
			outputFileListPaths = (
			);
			outputPaths = (
				"$(DERIVED_FILE_DIR)/Pods-MovieSearch-checkManifestLockResult.txt",
			);
			runOnlyForDeploymentPostprocessing = 0;
			shellPath = /bin/sh;
			shellScript = "diff \"${PODS_PODFILE_DIR_PATH}/Podfile.lock\" \"${PODS_ROOT}/Manifest.lock\" > /dev/null\nif [ $? != 0 ] ; then\n    # print error to STDERR\n    echo \"error: The sandbox is not in sync with the Podfile.lock. Run 'pod install' or update your CocoaPods installation.\" >&2\n    exit 1\nfi\n# This output is used by Xcode 'outputs' to avoid re-running this script phase.\necho \"SUCCESS\" > \"${SCRIPT_OUTPUT_FILE_0}\"\n";
			showEnvVarsInLog = 0;
		};
/* End PBXShellScriptBuildPhase section */

/* Begin PBXSourcesBuildPhase section */
		42C5A25D23C7A9160094374D /* Sources */ = {
			isa = PBXSourcesBuildPhase;
			buildActionMask = 2147483647;
			files = (
				42C5A28123C7B8C90094374D /* CustomMovieTableViewCell.swift in Sources */,
				42CE308D23C91A2E00FBFCB5 /* SearchForMovieViewController.swift in Sources */,
				42C5A26923C7A9160094374D /* ViewController.swift in Sources */,
				42C5A27D23C7B0250094374D /* Serects.swift in Sources */,
				42C5A26523C7A9160094374D /* AppDelegate.swift in Sources */,
				42CE308423C9035500FBFCB5 /* InfoViewController.swift in Sources */,
				42C5A26723C7A9160094374D /* SceneDelegate.swift in Sources */,
			);
			runOnlyForDeploymentPostprocessing = 0;
		};
/* End PBXSourcesBuildPhase section */

/* Begin PBXVariantGroup section */
		42C5A26A23C7A9160094374D /* Main.storyboard */ = {
			isa = PBXVariantGroup;
			children = (
				42C5A26B23C7A9160094374D /* Base */,
			);
			name = Main.storyboard;
			sourceTree = "<group>";
		};
		42C5A26F23C7A9170094374D /* LaunchScreen.storyboard */ = {
			isa = PBXVariantGroup;
			children = (
				42C5A27023C7A9170094374D /* Base */,
			);
			name = LaunchScreen.storyboard;
			sourceTree = "<group>";
		};
/* End PBXVariantGroup section */

/* Begin XCBuildConfiguration section */
		42C5A27323C7A9170094374D /* Debug */ = {
			isa = XCBuildConfiguration;
			buildSettings = {
				ALWAYS_SEARCH_USER_PATHS = NO;
				CLANG_ANALYZER_NONNULL = YES;
				CLANG_ANALYZER_NUMBER_OBJECT_CONVERSION = YES_AGGRESSIVE;
				CLANG_CXX_LANGUAGE_STANDARD = "gnu++14";
				CLANG_CXX_LIBRARY = "libc++";
				CLANG_ENABLE_MODULES = YES;
				CLANG_ENABLE_OBJC_ARC = YES;
				CLANG_ENABLE_OBJC_WEAK = YES;
				CLANG_WARN_BLOCK_CAPTURE_AUTORELEASING = YES;
				CLANG_WARN_BOOL_CONVERSION = YES;
				CLANG_WARN_COMMA = YES;
				CLANG_WARN_CONSTANT_CONVERSION = YES;
				CLANG_WARN_DEPRECATED_OBJC_IMPLEMENTATIONS = YES;
				CLANG_WARN_DIRECT_OBJC_ISA_USAGE = YES_ERROR;
				CLANG_WARN_DOCUMENTATION_COMMENTS = YES;
				CLANG_WARN_EMPTY_BODY = YES;
				CLANG_WARN_ENUM_CONVERSION = YES;
				CLANG_WARN_INFINITE_RECURSION = YES;
				CLANG_WARN_INT_CONVERSION = YES;
				CLANG_WARN_NON_LITERAL_NULL_CONVERSION = YES;
				CLANG_WARN_OBJC_IMPLICIT_RETAIN_SELF = YES;
				CLANG_WARN_OBJC_LITERAL_CONVERSION = YES;
				CLANG_WARN_OBJC_ROOT_CLASS = YES_ERROR;
				CLANG_WARN_RANGE_LOOP_ANALYSIS = YES;
				CLANG_WARN_STRICT_PROTOTYPES = YES;
				CLANG_WARN_SUSPICIOUS_MOVE = YES;
				CLANG_WARN_UNGUARDED_AVAILABILITY = YES_AGGRESSIVE;
				CLANG_WARN_UNREACHABLE_CODE = YES;
				CLANG_WARN__DUPLICATE_METHOD_MATCH = YES;
				COPY_PHASE_STRIP = NO;
				DEBUG_INFORMATION_FORMAT = dwarf;
				ENABLE_STRICT_OBJC_MSGSEND = YES;
				ENABLE_TESTABILITY = YES;
				GCC_C_LANGUAGE_STANDARD = gnu11;
				GCC_DYNAMIC_NO_PIC = NO;
				GCC_NO_COMMON_BLOCKS = YES;
				GCC_OPTIMIZATION_LEVEL = 0;
				GCC_PREPROCESSOR_DEFINITIONS = (
					"DEBUG=1",
					"$(inherited)",
				);
				GCC_WARN_64_TO_32_BIT_CONVERSION = YES;
				GCC_WARN_ABOUT_RETURN_TYPE = YES_ERROR;
				GCC_WARN_UNDECLARED_SELECTOR = YES;
				GCC_WARN_UNINITIALIZED_AUTOS = YES_AGGRESSIVE;
				GCC_WARN_UNUSED_FUNCTION = YES;
				GCC_WARN_UNUSED_VARIABLE = YES;
				IPHONEOS_DEPLOYMENT_TARGET = 13.2;
				MTL_ENABLE_DEBUG_INFO = INCLUDE_SOURCE;
				MTL_FAST_MATH = YES;
				ONLY_ACTIVE_ARCH = YES;
				SDKROOT = iphoneos;
				SWIFT_ACTIVE_COMPILATION_CONDITIONS = DEBUG;
				SWIFT_OPTIMIZATION_LEVEL = "-Onone";
			};
			name = Debug;
		};
		42C5A27423C7A9170094374D /* Release */ = {
			isa = XCBuildConfiguration;
			buildSettings = {
				ALWAYS_SEARCH_USER_PATHS = NO;
				CLANG_ANALYZER_NONNULL = YES;
				CLANG_ANALYZER_NUMBER_OBJECT_CONVERSION = YES_AGGRESSIVE;
				CLANG_CXX_LANGUAGE_STANDARD = "gnu++14";
				CLANG_CXX_LIBRARY = "libc++";
				CLANG_ENABLE_MODULES = YES;
				CLANG_ENABLE_OBJC_ARC = YES;
				CLANG_ENABLE_OBJC_WEAK = YES;
				CLANG_WARN_BLOCK_CAPTURE_AUTORELEASING = YES;
				CLANG_WARN_BOOL_CONVERSION = YES;
				CLANG_WARN_COMMA = YES;
				CLANG_WARN_CONSTANT_CONVERSION = YES;
				CLANG_WARN_DEPRECATED_OBJC_IMPLEMENTATIONS = YES;
				CLANG_WARN_DIRECT_OBJC_ISA_USAGE = YES_ERROR;
				CLANG_WARN_DOCUMENTATION_COMMENTS = YES;
				CLANG_WARN_EMPTY_BODY = YES;
				CLANG_WARN_ENUM_CONVERSION = YES;
				CLANG_WARN_INFINITE_RECURSION = YES;
				CLANG_WARN_INT_CONVERSION = YES;
				CLANG_WARN_NON_LITERAL_NULL_CONVERSION = YES;
				CLANG_WARN_OBJC_IMPLICIT_RETAIN_SELF = YES;
				CLANG_WARN_OBJC_LITERAL_CONVERSION = YES;
				CLANG_WARN_OBJC_ROOT_CLASS = YES_ERROR;
				CLANG_WARN_RANGE_LOOP_ANALYSIS = YES;
				CLANG_WARN_STRICT_PROTOTYPES = YES;
				CLANG_WARN_SUSPICIOUS_MOVE = YES;
				CLANG_WARN_UNGUARDED_AVAILABILITY = YES_AGGRESSIVE;
				CLANG_WARN_UNREACHABLE_CODE = YES;
				CLANG_WARN__DUPLICATE_METHOD_MATCH = YES;
				COPY_PHASE_STRIP = NO;
				DEBUG_INFORMATION_FORMAT = "dwarf-with-dsym";
				ENABLE_NS_ASSERTIONS = NO;
				ENABLE_STRICT_OBJC_MSGSEND = YES;
				GCC_C_LANGUAGE_STANDARD = gnu11;
				GCC_NO_COMMON_BLOCKS = YES;
				GCC_WARN_64_TO_32_BIT_CONVERSION = YES;
				GCC_WARN_ABOUT_RETURN_TYPE = YES_ERROR;
				GCC_WARN_UNDECLARED_SELECTOR = YES;
				GCC_WARN_UNINITIALIZED_AUTOS = YES_AGGRESSIVE;
				GCC_WARN_UNUSED_FUNCTION = YES;
				GCC_WARN_UNUSED_VARIABLE = YES;
				IPHONEOS_DEPLOYMENT_TARGET = 13.2;
				MTL_ENABLE_DEBUG_INFO = NO;
				MTL_FAST_MATH = YES;
				SDKROOT = iphoneos;
				SWIFT_COMPILATION_MODE = wholemodule;
				SWIFT_OPTIMIZATION_LEVEL = "-O";
				VALIDATE_PRODUCT = YES;
			};
			name = Release;
		};
		42C5A27623C7A9170094374D /* Debug */ = {
			isa = XCBuildConfiguration;
			baseConfigurationReference = FF43868D67FD50325B21A8A6 /* Pods-MovieSearch.debug.xcconfig */;
			buildSettings = {
				ASSETCATALOG_COMPILER_APPICON_NAME = AppIcon;
				CODE_SIGN_STYLE = Automatic;
				INFOPLIST_FILE = MovieSearch/Info.plist;
				LD_RUNPATH_SEARCH_PATHS = (
					"$(inherited)",
					"@executable_path/Frameworks",
				);
				PRODUCT_BUNDLE_IDENTIFIER = com.example.MovieSearch;
				PRODUCT_NAME = "$(TARGET_NAME)";
				SWIFT_VERSION = 5.0;
				TARGETED_DEVICE_FAMILY = "1,2";
			};
			name = Debug;
		};
		42C5A27723C7A9170094374D /* Release */ = {
			isa = XCBuildConfiguration;
			baseConfigurationReference = D479556C3A7D96D8BE8F8184 /* Pods-MovieSearch.release.xcconfig */;
			buildSettings = {
				ASSETCATALOG_COMPILER_APPICON_NAME = AppIcon;
				CODE_SIGN_STYLE = Automatic;
				INFOPLIST_FILE = MovieSearch/Info.plist;
				LD_RUNPATH_SEARCH_PATHS = (
					"$(inherited)",
					"@executable_path/Frameworks",
				);
				PRODUCT_BUNDLE_IDENTIFIER = com.example.MovieSearch;
				PRODUCT_NAME = "$(TARGET_NAME)";
				SWIFT_VERSION = 5.0;
				TARGETED_DEVICE_FAMILY = "1,2";
			};
			name = Release;
		};
/* End XCBuildConfiguration section */

/* Begin XCConfigurationList section */
		42C5A25C23C7A9160094374D /* Build configuration list for PBXProject "MovieSearch" */ = {
			isa = XCConfigurationList;
			buildConfigurations = (
				42C5A27323C7A9170094374D /* Debug */,
				42C5A27423C7A9170094374D /* Release */,
			);
			defaultConfigurationIsVisible = 0;
			defaultConfigurationName = Release;
		};
		42C5A27523C7A9170094374D /* Build configuration list for PBXNativeTarget "MovieSearch" */ = {
			isa = XCConfigurationList;
			buildConfigurations = (
				42C5A27623C7A9170094374D /* Debug */,
				42C5A27723C7A9170094374D /* Release */,
			);
			defaultConfigurationIsVisible = 0;
			defaultConfigurationName = Release;
		};
/* End XCConfigurationList section */
	};
	rootObject = 42C5A25923C7A9160094374D /* Project object */;
}
